
Microsoft Visual Studio Solution File, Format Version 12.00
# Visual Studio Version 17
VisualStudioVersion = 17.13.35931.197 d17.13
MinimumVisualStudioVersion = 10.0.40219.1
Project("{FAE04EC0-301F-11D3-BF4B-00C04F79EFBC}") = "RadarMottuAPI", "RadarMottuAPI\RadarMottuAPI.csproj", "{9DB6980C-0384-4517-8559-643FD7F1A166}"
EndProject
Global
	GlobalSection(SolutionConfigurationPlatforms) = preSolution
		Debug|Any CPU = Debug|Any CPU
		Release|Any CPU = Release|Any CPU
	EndGlobalSection
	GlobalSection(ProjectConfigurationPlatforms) = postSolution
		{9DB6980C-0384-4517-8559-643FD7F1A166}.Debug|Any CPU.ActiveCfg = Debug|Any CPU
		{9DB6980C-0384-4517-8559-643FD7F1A166}.Debug|Any CPU.Build.0 = Debug|Any CPU
		{9DB6980C-0384-4517-8559-643FD7F1A166}.Release|Any CPU.ActiveCfg = Release|Any CPU
		{9DB6980C-0384-4517-8559-643FD7F1A166}.Release|Any CPU.Build.0 = Release|Any CPU
	EndGlobalSection
	GlobalSection(SolutionProperties) = preSolution
		HideSolutionNode = FALSE
	EndGlobalSection
	GlobalSection(ExtensibilityGlobals) = postSolution
		SolutionGuid = {17D6748D-F162-423F-A23B-BD38F3392404}
	EndGlobalSection
EndGlobal
